
Microsoft Visual Studio Solution File, Format Version 12.00
# Visual Studio 15
VisualStudioVersion = 15.0.27703.2042
MinimumVisualStudioVersion = 10.0.40219.1
Project("{FAE04EC0-301F-11D3-BF4B-00C04F79EFBC}") = "ConsoleApp1", "ConsoleApp1\ConsoleApp1.csproj", "{54DC6228-B5B4-45FB-B4FE-C72D3D056667}"
EndProject
Project("{FAE04EC0-301F-11D3-BF4B-00C04F79EFBC}") = "BasicDataTypeConversion", "BasicDataTypeConversion\BasicDataTypeConversion.csproj", "{A8055027-698F-4958-AA89-C5821731EF2F}"
EndProject
Project("{FAE04EC0-301F-11D3-BF4B-00C04F79EFBC}") = "BasicEncapsulation", "BasicEncapsulation\BasicEncapsulation.csproj", "{41828D75-DE92-48D7-B654-87330E0D0836}"
EndProject
Project("{FAE04EC0-301F-11D3-BF4B-00C04F79EFBC}") = "Basics", "Basics\Basics.csproj", "{FD8DE467-F336-43BB-B98F-EC9B315D2746}"
EndProject
Project("{FAE04EC0-301F-11D3-BF4B-00C04F79EFBC}") = "ConsoleApp2", "ConsoleApp2\ConsoleApp2.csproj", "{18115CA5-B978-4D0D-A9E0-27AA4A0CE2C6}"
EndProject
Project("{FAE04EC0-301F-11D3-BF4B-00C04F79EFBC}") = "BasicStruct", "BasicStruct\BasicStruct.csproj", "{F8ABA4C8-7568-4F7F-95A1-299F524E4A0F}"
EndProject
Project("{FAE04EC0-301F-11D3-BF4B-00C04F79EFBC}") = "ConsoleApp3", "ConsoleApp3\ConsoleApp3.csproj", "{19E7CBD5-DF17-4E2E-91C7-7216C490E403}"
EndProject
Project("{FAE04EC0-301F-11D3-BF4B-00C04F79EFBC}") = "BasicPractices", "BasicPractices\BasicPractices.csproj", "{8897686C-0C14-4FA7-B98C-33BCEA381D54}"
EndProject
Project("{FAE04EC0-301F-11D3-BF4B-00C04F79EFBC}") = "BasicInterface", "BasicInterface\BasicInterface.csproj", "{4B849835-2D2C-4DB3-83E0-DD8A4E4D828C}"
EndProject
Project("{FAE04EC0-301F-11D3-BF4B-00C04F79EFBC}") = "BasicAbstractClass", "BasicAbstractClass\BasicAbstractClass.csproj", "{6A4FCBEC-92DC-405D-9E4C-9C9D0E0CB06B}"
EndProject
Project("{FAE04EC0-301F-11D3-BF4B-00C04F79EFBC}") = "BasicString", "BasicString\BasicString.csproj", "{75CC0094-D784-47E1-B554-0F0C981F5C30}"
EndProject
Global
	GlobalSection(SolutionConfigurationPlatforms) = preSolution
		Debug|Any CPU = Debug|Any CPU
		Release|Any CPU = Release|Any CPU
	EndGlobalSection
	GlobalSection(ProjectConfigurationPlatforms) = postSolution
		{54DC6228-B5B4-45FB-B4FE-C72D3D056667}.Debug|Any CPU.ActiveCfg = Debug|Any CPU
		{54DC6228-B5B4-45FB-B4FE-C72D3D056667}.Debug|Any CPU.Build.0 = Debug|Any CPU
		{54DC6228-B5B4-45FB-B4FE-C72D3D056667}.Release|Any CPU.ActiveCfg = Release|Any CPU
		{54DC6228-B5B4-45FB-B4FE-C72D3D056667}.Release|Any CPU.Build.0 = Release|Any CPU
		{A8055027-698F-4958-AA89-C5821731EF2F}.Debug|Any CPU.ActiveCfg = Debug|Any CPU
		{A8055027-698F-4958-AA89-C5821731EF2F}.Debug|Any CPU.Build.0 = Debug|Any CPU
		{A8055027-698F-4958-AA89-C5821731EF2F}.Release|Any CPU.ActiveCfg = Release|Any CPU
		{A8055027-698F-4958-AA89-C5821731EF2F}.Release|Any CPU.Build.0 = Release|Any CPU
		{41828D75-DE92-48D7-B654-87330E0D0836}.Debug|Any CPU.ActiveCfg = Debug|Any CPU
		{41828D75-DE92-48D7-B654-87330E0D0836}.Debug|Any CPU.Build.0 = Debug|Any CPU
		{41828D75-DE92-48D7-B654-87330E0D0836}.Release|Any CPU.ActiveCfg = Release|Any CPU
		{41828D75-DE92-48D7-B654-87330E0D0836}.Release|Any CPU.Build.0 = Release|Any CPU
		{FD8DE467-F336-43BB-B98F-EC9B315D2746}.Debug|Any CPU.ActiveCfg = Debug|Any CPU
		{FD8DE467-F336-43BB-B98F-EC9B315D2746}.Debug|Any CPU.Build.0 = Debug|Any CPU
		{FD8DE467-F336-43BB-B98F-EC9B315D2746}.Release|Any CPU.ActiveCfg = Release|Any CPU
		{FD8DE467-F336-43BB-B98F-EC9B315D2746}.Release|Any CPU.Build.0 = Release|Any CPU
		{18115CA5-B978-4D0D-A9E0-27AA4A0CE2C6}.Debug|Any CPU.ActiveCfg = Debug|Any CPU
		{18115CA5-B978-4D0D-A9E0-27AA4A0CE2C6}.Debug|Any CPU.Build.0 = Debug|Any CPU
		{18115CA5-B978-4D0D-A9E0-27AA4A0CE2C6}.Release|Any CPU.ActiveCfg = Release|Any CPU
		{18115CA5-B978-4D0D-A9E0-27AA4A0CE2C6}.Release|Any CPU.Build.0 = Release|Any CPU
		{F8ABA4C8-7568-4F7F-95A1-299F524E4A0F}.Debug|Any CPU.ActiveCfg = Debug|Any CPU
		{F8ABA4C8-7568-4F7F-95A1-299F524E4A0F}.Debug|Any CPU.Build.0 = Debug|Any CPU
		{F8ABA4C8-7568-4F7F-95A1-299F524E4A0F}.Release|Any CPU.ActiveCfg = Release|Any CPU
		{F8ABA4C8-7568-4F7F-95A1-299F524E4A0F}.Release|Any CPU.Build.0 = Release|Any CPU
		{19E7CBD5-DF17-4E2E-91C7-7216C490E403}.Debug|Any CPU.ActiveCfg = Debug|Any CPU
		{19E7CBD5-DF17-4E2E-91C7-7216C490E403}.Debug|Any CPU.Build.0 = Debug|Any CPU
		{19E7CBD5-DF17-4E2E-91C7-7216C490E403}.Release|Any CPU.ActiveCfg = Release|Any CPU
		{19E7CBD5-DF17-4E2E-91C7-7216C490E403}.Release|Any CPU.Build.0 = Release|Any CPU
		{8897686C-0C14-4FA7-B98C-33BCEA381D54}.Debug|Any CPU.ActiveCfg = Debug|Any CPU
		{8897686C-0C14-4FA7-B98C-33BCEA381D54}.Debug|Any CPU.Build.0 = Debug|Any CPU
		{8897686C-0C14-4FA7-B98C-33BCEA381D54}.Release|Any CPU.ActiveCfg = Release|Any CPU
		{8897686C-0C14-4FA7-B98C-33BCEA381D54}.Release|Any CPU.Build.0 = Release|Any CPU
		{4B849835-2D2C-4DB3-83E0-DD8A4E4D828C}.Debug|Any CPU.ActiveCfg = Debug|Any CPU
		{4B849835-2D2C-4DB3-83E0-DD8A4E4D828C}.Debug|Any CPU.Build.0 = Debug|Any CPU
		{4B849835-2D2C-4DB3-83E0-DD8A4E4D828C}.Release|Any CPU.ActiveCfg = Release|Any CPU
		{4B849835-2D2C-4DB3-83E0-DD8A4E4D828C}.Release|Any CPU.Build.0 = Release|Any CPU
		{6A4FCBEC-92DC-405D-9E4C-9C9D0E0CB06B}.Debug|Any CPU.ActiveCfg = Debug|Any CPU
		{6A4FCBEC-92DC-405D-9E4C-9C9D0E0CB06B}.Debug|Any CPU.Build.0 = Debug|Any CPU
		{6A4FCBEC-92DC-405D-9E4C-9C9D0E0CB06B}.Release|Any CPU.ActiveCfg = Release|Any CPU
		{6A4FCBEC-92DC-405D-9E4C-9C9D0E0CB06B}.Release|Any CPU.Build.0 = Release|Any CPU
		{75CC0094-D784-47E1-B554-0F0C981F5C30}.Debug|Any CPU.ActiveCfg = Debug|Any CPU
		{75CC0094-D784-47E1-B554-0F0C981F5C30}.Debug|Any CPU.Build.0 = Debug|Any CPU
		{75CC0094-D784-47E1-B554-0F0C981F5C30}.Release|Any CPU.ActiveCfg = Release|Any CPU
		{75CC0094-D784-47E1-B554-0F0C981F5C30}.Release|Any CPU.Build.0 = Release|Any CPU
	EndGlobalSection
	GlobalSection(SolutionProperties) = preSolution
		HideSolutionNode = FALSE
	EndGlobalSection
	GlobalSection(ExtensibilityGlobals) = postSolution
		SolutionGuid = {8216DAB0-F4EF-47C2-9889-0BC775181D44}
	EndGlobalSection
EndGlobal
